<?xml version="1.0" encoding="utf-8"?>
<Project ToolsVersion="4.0" xmlns="http://schemas.microsoft.com/developer/msbuild/2003">
  <ItemGroup>
    <Filter Include="Classes">
      <UniqueIdentifier>{fc5cb953-2953-4968-83b3-39e3ff951754}</UniqueIdentifier>
    </Filter>
    <Filter Include="win32">
      <UniqueIdentifier>{037a9a02-b906-4cc5-ad98-304acd4e25ee}</UniqueIdentifier>
    </Filter>
    <Filter Include="resource">
      <UniqueIdentifier>{2d1d0979-58cd-4ab6-b91c-13650158f1fa}</UniqueIdentifier>
    </Filter>
    <Filter Include="Game">
      <UniqueIdentifier>{4d9af1e3-888c-4e86-9915-79ff081e6136}</UniqueIdentifier>
    </Filter>
    <Filter Include="Game\BehaviorTree">
      <UniqueIdentifier>{1712697e-9e37-40af-8c28-5e0b3ad18e64}</UniqueIdentifier>
    </Filter>
    <Filter Include="Game\Battle">
      <UniqueIdentifier>{61e8b86f-a43b-4781-bd9e-1b217d2627dc}</UniqueIdentifier>
    </Filter>
    <Filter Include="Game\tolua">
      <UniqueIdentifier>{d232dd6f-5d63-489d-a810-8afa949ec04b}</UniqueIdentifier>
    </Filter>
    <Filter Include="Game\Helper">
      <UniqueIdentifier>{e5839f73-417c-47a1-9391-a597b8d2da85}</UniqueIdentifier>
    </Filter>
    <Filter Include="Game\Battle\Object">
      <UniqueIdentifier>{c90a213f-b5b5-4ba8-857a-71069a521364}</UniqueIdentifier>
    </Filter>
    <Filter Include="Game\Battle\Map">
      <UniqueIdentifier>{1cd6d64d-bb3b-4f5d-95d5-ccfa915b30e9}</UniqueIdentifier>
    </Filter>
    <Filter Include="Game\Base">
      <UniqueIdentifier>{21e52025-73f1-44ad-a6da-15a75e0b6ab6}</UniqueIdentifier>
    </Filter>
    <Filter Include="Game\Battle\Logic">
      <UniqueIdentifier>{d1e1bd89-1fe4-4e28-abe6-6006ddc6428f}</UniqueIdentifier>
    </Filter>
    <Filter Include="Game\Battle\Object\Behavior">
      <UniqueIdentifier>{441fd4cc-6014-4272-94c5-a5c084b1ca70}</UniqueIdentifier>
    </Filter>
  </ItemGroup>
  <ItemGroup>
    <ClInclude Include="..\Classes\AppDelegate.h">
      <Filter>Classes</Filter>
    </ClInclude>
    <ClInclude Include="main.h">
      <Filter>win32</Filter>
    </ClInclude>
    <ClInclude Include="SimulatorWindow.h">
      <Filter>win32</Filter>
    </ClInclude>
    <ClInclude Include="..\Classes\Runtime.h">
      <Filter>Classes</Filter>
    </ClInclude>
    <ClInclude Include="resource.h" />
    <ClInclude Include="..\Classes\ConfigParser.h">
      <Filter>Classes</Filter>
    </ClInclude>
    <ClInclude Include="..\Classes\VisibleRect.h">
      <Filter>Classes</Filter>
    </ClInclude>
    <ClInclude Include="..\Classes\Game\BehaviorTree\BTNodeAction.h">
      <Filter>Game\BehaviorTree</Filter>
    </ClInclude>
    <ClInclude Include="..\Classes\Game\BehaviorTree\BTNodeFactory.h">
      <Filter>Game\BehaviorTree</Filter>
    </ClInclude>
    <ClInclude Include="..\Classes\Game\BehaviorTree\BTNodeLoop.h">
      <Filter>Game\BehaviorTree</Filter>
    </ClInclude>
    <ClInclude Include="..\Classes\Game\BehaviorTree\BTNodeNonePrioritySelector.h">
      <Filter>Game\BehaviorTree</Filter>
    </ClInclude>
    <ClInclude Include="..\Classes\Game\BehaviorTree\BTNodeParallel.h">
      <Filter>Game\BehaviorTree</Filter>
    </ClInclude>
    <ClInclude Include="..\Classes\Game\BehaviorTree\BTNodePrioritySelector.h">
      <Filter>Game\BehaviorTree</Filter>
    </ClInclude>
    <ClInclude Include="..\Classes\Game\BehaviorTree\BTNodeSequence.h">
      <Filter>Game\BehaviorTree</Filter>
    </ClInclude>
    <ClInclude Include="..\Classes\Game\BehaviorTree\BTParam.h">
      <Filter>Game\BehaviorTree</Filter>
    </ClInclude>
    <ClInclude Include="..\Classes\Game\BehaviorTree\BTPrecondition.h">
      <Filter>Game\BehaviorTree</Filter>
    </ClInclude>
    <ClInclude Include="..\Classes\Game\BehaviorTree\BTReader.h">
      <Filter>Game\BehaviorTree</Filter>
    </ClInclude>
    <ClInclude Include="..\Classes\Game\BehaviorTree\BTNode.h">
      <Filter>Game\BehaviorTree</Filter>
    </ClInclude>
    <ClInclude Include="..\Classes\Game\BehaviorTree\BehaviorTree.h">
      <Filter>Game\BehaviorTree</Filter>
    </ClInclude>
    <ClInclude Include="..\Classes\Game\BehaviorTree\BTDef.h">
      <Filter>Game\BehaviorTree</Filter>
    </ClInclude>
    <ClInclude Include="..\Classes\Game\Helper\Display.h">
      <Filter>Game\Helper</Filter>
    </ClInclude>
    <ClInclude Include="..\Classes\Game\BehaviorTree\BTDebugRenderer.h">
      <Filter>Game\BehaviorTree</Filter>
    </ClInclude>
    <ClInclude Include="..\Classes\Game\BehaviorTree\BTDebugNode.h">
      <Filter>Game\BehaviorTree</Filter>
    </ClInclude>
    <ClInclude Include="..\Classes\Game\Helper\Utils.h">
      <Filter>Game\Helper</Filter>
    </ClInclude>
    <ClInclude Include="..\Classes\Game\Helper\DebugInfo.h">
      <Filter>Game\Helper</Filter>
    </ClInclude>
    <ClInclude Include="..\Classes\Game\Battle\CON_EnemyCanAttack.h">
      <Filter>Game\Battle\Object\Behavior</Filter>
    </ClInclude>
    <ClInclude Include="..\Classes\Game\Battle\CON_FoundEnemy.h">
      <Filter>Game\Battle\Object\Behavior</Filter>
    </ClInclude>
    <ClInclude Include="..\Classes\Game\Battle\CON_HP0.h">
      <Filter>Game\Battle\Object\Behavior</Filter>
    </ClInclude>
    <ClInclude Include="..\Classes\Game\Battle\CON_ReachedBattleField.h">
      <Filter>Game\Battle\Object\Behavior</Filter>
    </ClInclude>
    <ClInclude Include="..\Classes\Game\Battle\NOD_Attack.h">
      <Filter>Game\Battle\Object\Behavior</Filter>
    </ClInclude>
    <ClInclude Include="..\Classes\Game\Battle\NOD_Die.h">
      <Filter>Game\Battle\Object\Behavior</Filter>
    </ClInclude>
    <ClInclude Include="..\Classes\Game\Battle\NOD_Idle.h">
      <Filter>Game\Battle\Object\Behavior</Filter>
    </ClInclude>
    <ClInclude Include="..\Classes\Game\Battle\NOD_MoveToAttack.h">
      <Filter>Game\Battle\Object\Behavior</Filter>
    </ClInclude>
    <ClInclude Include="..\Classes\Game\Battle\NOD_MoveToBattleField.h">
      <Filter>Game\Battle\Object\Behavior</Filter>
    </ClInclude>
    <ClInclude Include="..\Classes\Game\Battle\BlackBoard.h">
      <Filter>Game\Battle\Object</Filter>
    </ClInclude>
    <ClInclude Include="..\Classes\Game\Battle\PathFinder.h">
      <Filter>Game\Battle\Map</Filter>
    </ClInclude>
    <ClInclude Include="..\Classes\Game\Base\Log.h">
      <Filter>Game\Base</Filter>
    </ClInclude>
    <ClInclude Include="..\Classes\Game\Base\LuaValueList.h">
      <Filter>Game\Base</Filter>
    </ClInclude>
    <ClInclude Include="..\Classes\Game\Base\NetDef.h">
      <Filter>Game\Base</Filter>
    </ClInclude>
    <ClInclude Include="..\Classes\Game\Base\NetImp.h">
      <Filter>Game\Base</Filter>
    </ClInclude>
    <ClInclude Include="..\Classes\Game\Base\NetManager.h">
      <Filter>Game\Base</Filter>
    </ClInclude>
    <ClInclude Include="..\Classes\Game\Base\NetSocket.h">
      <Filter>Game\Base</Filter>
    </ClInclude>
    <ClInclude Include="..\Classes\Game\Base\StreamBuffer.h">
      <Filter>Game\Base</Filter>
    </ClInclude>
    <ClInclude Include="..\Classes\Game\Base\Sys.h">
      <Filter>Game\Base</Filter>
    </ClInclude>
    <ClInclude Include="..\Classes\Game\Base\ThreadManager.h">
      <Filter>Game\Base</Filter>
    </ClInclude>
    <ClInclude Include="..\Classes\Game\Base\ThreadObj.h">
      <Filter>Game\Base</Filter>
    </ClInclude>
    <ClInclude Include="..\Classes\Game\Base\BitStream.h">
      <Filter>Game\Base</Filter>
    </ClInclude>
    <ClInclude Include="..\Classes\Game\Base\EventDef.h">
      <Filter>Game\Base</Filter>
    </ClInclude>
    <ClInclude Include="..\Classes\Game\Base\ITickable.h">
      <Filter>Game\Base</Filter>
    </ClInclude>
    <ClInclude Include="..\Classes\Game\Battle\MessageDef.h">
      <Filter>Game\Battle\Map</Filter>
    </ClInclude>
    <ClInclude Include="..\Classes\Game\Base\Fixed.h">
      <Filter>Game\Base</Filter>
    </ClInclude>
    <ClInclude Include="..\Classes\Game\Battle\GameObject.h">
      <Filter>Game\Battle\Object</Filter>
    </ClInclude>
    <ClInclude Include="..\Classes\Game\Battle\MapView.h">
      <Filter>Game\Battle\Map</Filter>
    </ClInclude>
    <ClInclude Include="..\Classes\Game\Battle\MapData.h">
      <Filter>Game\Battle\Map</Filter>
    </ClInclude>
    <ClInclude Include="..\Classes\Game\Battle\MapManager.h">
      <Filter>Game\Battle\Map</Filter>
    </ClInclude>
    <ClInclude Include="..\Classes\Game\Battle\GameObjectView.h">
      <Filter>Game\Battle\Object</Filter>
    </ClInclude>
    <ClInclude Include="..\Classes\Game\Battle\GameObjectManager.h">
      <Filter>Game\Battle\Object</Filter>
    </ClInclude>
    <ClInclude Include="..\Classes\Game\Battle\MapStructs.h">
      <Filter>Game\Battle\Map</Filter>
    </ClInclude>
    <ClInclude Include="..\Classes\Game\Battle\GameObjectMacros.h">
      <Filter>Game\Battle\Object</Filter>
    </ClInclude>
    <ClInclude Include="..\Classes\Game\Battle\GameLogic.h">
      <Filter>Game\Battle\Logic</Filter>
    </ClInclude>
    <ClInclude Include="..\Classes\Game\Battle\LogicFrame.h">
      <Filter>Game\Battle\Logic</Filter>
    </ClInclude>
    <ClInclude Include="..\Classes\Game\Battle\UserData.h">
      <Filter>Game\Battle\Logic</Filter>
    </ClInclude>
  </ItemGroup>
  <ItemGroup>
    <ClCompile Include="..\Classes\AppDelegate.cpp">
      <Filter>Classes</Filter>
    </ClCompile>
    <ClCompile Include="main.cpp">
      <Filter>win32</Filter>
    </ClCompile>
    <ClCompile Include="SimulatorWindow.cpp">
      <Filter>win32</Filter>
    </ClCompile>
    <ClCompile Include="Runtime_win32.cpp">
      <Filter>win32</Filter>
    </ClCompile>
    <ClCompile Include="..\Classes\Runtime.cpp">
      <Filter>Classes</Filter>
    </ClCompile>
    <ClCompile Include="..\Classes\ConfigParser.cpp">
      <Filter>Classes</Filter>
    </ClCompile>
    <ClCompile Include="..\Classes\VisibleRect.cpp">
      <Filter>Classes</Filter>
    </ClCompile>
    <ClCompile Include="..\Classes\Game\BehaviorTree\BTNodeFactory.cpp">
      <Filter>Game\BehaviorTree</Filter>
    </ClCompile>
    <ClCompile Include="..\Classes\Game\BehaviorTree\BTNodeLoop.cpp">
      <Filter>Game\BehaviorTree</Filter>
    </ClCompile>
    <ClCompile Include="..\Classes\Game\BehaviorTree\BTNodeNonePrioritySelector.cpp">
      <Filter>Game\BehaviorTree</Filter>
    </ClCompile>
    <ClCompile Include="..\Classes\Game\BehaviorTree\BTNodeParallel.cpp">
      <Filter>Game\BehaviorTree</Filter>
    </ClCompile>
    <ClCompile Include="..\Classes\Game\BehaviorTree\BTNodePrioritySelector.cpp">
      <Filter>Game\BehaviorTree</Filter>
    </ClCompile>
    <ClCompile Include="..\Classes\Game\BehaviorTree\BTNodeSequence.cpp">
      <Filter>Game\BehaviorTree</Filter>
    </ClCompile>
    <ClCompile Include="..\Classes\Game\BehaviorTree\BTPrecondition.cpp">
      <Filter>Game\BehaviorTree</Filter>
    </ClCompile>
    <ClCompile Include="..\Classes\Game\BehaviorTree\BTReader.cpp">
      <Filter>Game\BehaviorTree</Filter>
    </ClCompile>
    <ClCompile Include="..\Classes\Game\BehaviorTree\BTNode.cpp">
      <Filter>Game\BehaviorTree</Filter>
    </ClCompile>
    <ClCompile Include="..\Classes\Game\BehaviorTree\BTNodeAction.cpp">
      <Filter>Game\BehaviorTree</Filter>
    </ClCompile>
    <ClCompile Include="..\Classes\Game\tolua\lua_cocos2dx_userext.cpp">
      <Filter>Game\tolua</Filter>
    </ClCompile>
    <ClCompile Include="..\Classes\Game\Helper\Display.cpp">
      <Filter>Game\Helper</Filter>
    </ClCompile>
    <ClCompile Include="..\Classes\Game\BehaviorTree\BTDebugRenderer.cpp">
      <Filter>Game\BehaviorTree</Filter>
    </ClCompile>
    <ClCompile Include="..\Classes\Game\BehaviorTree\BTDebugNode.cpp">
      <Filter>Game\BehaviorTree</Filter>
    </ClCompile>
    <ClCompile Include="..\Classes\Game\Helper\Utils.cpp">
      <Filter>Game\Helper</Filter>
    </ClCompile>
    <ClCompile Include="..\Classes\Game\Helper\DebugInfo.cpp">
      <Filter>Game\Helper</Filter>
    </ClCompile>
    <ClCompile Include="..\Classes\Game\Battle\CON_EnemyCanAttack.cpp">
      <Filter>Game\Battle\Object\Behavior</Filter>
    </ClCompile>
    <ClCompile Include="..\Classes\Game\Battle\CON_FoundEnemy.cpp">
      <Filter>Game\Battle\Object\Behavior</Filter>
    </ClCompile>
    <ClCompile Include="..\Classes\Game\Battle\CON_HP0.cpp">
      <Filter>Game\Battle\Object\Behavior</Filter>
    </ClCompile>
    <ClCompile Include="..\Classes\Game\Battle\CON_ReachedBattleField.cpp">
      <Filter>Game\Battle\Object\Behavior</Filter>
    </ClCompile>
    <ClCompile Include="..\Classes\Game\Battle\NOD_Attack.cpp">
      <Filter>Game\Battle\Object\Behavior</Filter>
    </ClCompile>
    <ClCompile Include="..\Classes\Game\Battle\NOD_Die.cpp">
      <Filter>Game\Battle\Object\Behavior</Filter>
    </ClCompile>
    <ClCompile Include="..\Classes\Game\Battle\NOD_Idle.cpp">
      <Filter>Game\Battle\Object\Behavior</Filter>
    </ClCompile>
    <ClCompile Include="..\Classes\Game\Battle\NOD_MoveToAttack.cpp">
      <Filter>Game\Battle\Object\Behavior</Filter>
    </ClCompile>
    <ClCompile Include="..\Classes\Game\Battle\NOD_MoveToBattleField.cpp">
      <Filter>Game\Battle\Object\Behavior</Filter>
    </ClCompile>
    <ClCompile Include="..\Classes\Game\Battle\BlackBoard.cpp">
      <Filter>Game\Battle\Object</Filter>
    </ClCompile>
    <ClCompile Include="..\Classes\Game\Battle\PathFinder.cpp">
      <Filter>Game\Battle\Map</Filter>
    </ClCompile>
    <ClCompile Include="..\Classes\Game\Base\Log.cpp">
      <Filter>Game\Base</Filter>
    </ClCompile>
    <ClCompile Include="..\Classes\Game\Base\NetImp.cpp">
      <Filter>Game\Base</Filter>
    </ClCompile>
    <ClCompile Include="..\Classes\Game\Base\NetManager.cpp">
      <Filter>Game\Base</Filter>
    </ClCompile>
    <ClCompile Include="..\Classes\Game\Base\NetSocket.cpp">
      <Filter>Game\Base</Filter>
    </ClCompile>
    <ClCompile Include="..\Classes\Game\Base\StreamBuffer.cpp">
      <Filter>Game\Base</Filter>
    </ClCompile>
    <ClCompile Include="..\Classes\Game\Base\Sys.cpp">
      <Filter>Game\Base</Filter>
    </ClCompile>
    <ClCompile Include="..\Classes\Game\Base\ThreadManager.cpp">
      <Filter>Game\Base</Filter>
    </ClCompile>
    <ClCompile Include="..\Classes\Game\Base\ThreadObj.cpp">
      <Filter>Game\Base</Filter>
    </ClCompile>
    <ClCompile Include="..\Classes\Game\Base\BitStream.cpp">
      <Filter>Game\Base</Filter>
    </ClCompile>
    <ClCompile Include="..\Classes\Game\Base\Fixed.cpp">
      <Filter>Game\Base</Filter>
    </ClCompile>
    <ClCompile Include="..\Classes\Game\Battle\GameObject.cpp">
      <Filter>Game\Battle\Object</Filter>
    </ClCompile>
    <ClCompile Include="..\Classes\Game\Battle\MapView.cpp">
      <Filter>Game\Battle\Map</Filter>
    </ClCompile>
    <ClCompile Include="..\Classes\Game\Battle\MapData.cpp">
      <Filter>Game\Battle\Map</Filter>
    </ClCompile>
    <ClCompile Include="..\Classes\Game\Battle\MapManager.cpp">
      <Filter>Game\Battle\Map</Filter>
    </ClCompile>
    <ClCompile Include="..\Classes\Game\Battle\GameObjectView.cpp">
      <Filter>Game\Battle\Object</Filter>
    </ClCompile>
    <ClCompile Include="..\Classes\Game\Battle\GameObjectManager.cpp">
      <Filter>Game\Battle\Object</Filter>
    </ClCompile>
    <ClCompile Include="..\Classes\Game\Battle\MapStructs.cpp">
      <Filter>Game\Battle\Map</Filter>
    </ClCompile>
    <ClCompile Include="..\Classes\Game\Battle\GameLogic.cpp">
      <Filter>Game\Battle\Logic</Filter>
    </ClCompile>
    <ClCompile Include="..\Classes\Game\Battle\LogicFrame.cpp">
      <Filter>Game\Battle\Logic</Filter>
    </ClCompile>
    <ClCompile Include="..\Classes\Game\Battle\UserData.cpp">
      <Filter>Game\Battle\Logic</Filter>
    </ClCompile>
  </ItemGroup>
  <ItemGroup>
    <ResourceCompile Include="game.rc">
      <Filter>resource</Filter>
    </ResourceCompile>
  </ItemGroup>
  <ItemGroup>
    <Image Include="res\game.ico" />
  </ItemGroup>
  <ItemGroup>
    <None Include="..\Classes\Game\tolua\lua_cocos2dx_userext.pkg">
      <Filter>Game\tolua</Filter>
    </None>
    <None Include="..\Classes\Game\tolua\tolua_builder.bat">
      <Filter>Game\tolua</Filter>
    </None>
    <None Include="..\Classes\Game\tolua\tolua_builder.lua">
      <Filter>Game\tolua</Filter>
    </None>
    <None Include="..\Classes\Game\tolua\MapManager.pkg">
      <Filter>Game\tolua</Filter>
    </None>
  </ItemGroup>
</Project>